t73f.de/r/sx v0.0.0-20250505102413-ff9a993a042a h1:W6G846c0YQq/eAPBIZl4OpUoKNEPt7NP0tuOrVvFjAk=
t73f.de/r/sx v0.0.0-20250505102413-ff9a993a042a/go.mod h1:1RlIqF7OJqEv7j5uhY+gNWkBYEYgVTpAUbGG20rK31Y=
t73f.de/r/webs v0.0.0-20250526090915-201b7072f617 h1:y6worlwVFzkyl1h4KnLuE7nN0+2JuxahwUspwQSsA54=
t73f.de/r/webs v0.0.0-20250526090915-201b7072f617/go.mod h1:EVohQwCAlRK0kuVBEw5Gw+S44vj+6f6NU8eNJdAIK6s=
t73f.de/r/zero v0.0.0-20250512130128-009067784541 h1:gXDesuX5AWJe0jusbG1umHlAh/NGVVfQ78F2uL5udgc=
t73f.de/r/zero v0.0.0-20250512130128-009067784541/go.mod h1:T1vFcHoymUQcr7+vENBkS1yryZRZ3YB8uRtnMy8yRBA=
