t73f.de/r/sx v0.0.0-20250707071435-95b82f7d24bb h1:cYvTOpaJinh/EPB7i8nx7PtT7hniuSP+NZr74P9U+fE=
t73f.de/r/sx v0.0.0-20250707071435-95b82f7d24bb/go.mod h1:uglbFdRHlcpQVVyCNh4Fd7jbKo8alGBCjRp0aZv8IIg=
t73f.de/r/webs v0.0.0-20250901155526-24546baefd3b h1:aknO/e42jFIOIT9MUMGlFD/jY8VU30ATVgAVf6VAlfA=
t73f.de/r/webs v0.0.0-20250901155526-24546baefd3b/go.mod h1:YTACkdomlAMZacRkzVNk0goVrbkzvysfHQFqEacQC7w=
t73f.de/r/webs v0.0.0-20250902121627-c61676fecfec h1:pvWtEgCcoRwVZJk3ly2DM6yu4dRkklrhl4wP2L9tGWw=
t73f.de/r/webs v0.0.0-20250902121627-c61676fecfec/go.mod h1:YTACkdomlAMZacRkzVNk0goVrbkzvysfHQFqEacQC7w=
t73f.de/r/zero v0.0.0-20250830181321-1245896735f1 h1:zjU2hXZ2eh4c0y4QX1s4Jf5JUJ65Q2w2m73wRp/5kWY=
t73f.de/r/zero v0.0.0-20250830181321-1245896735f1/go.mod h1:cNaE2o9BWPFqLkmDuYaWrMJQS7GOo+wwmB9y8VfAF6c=
t73f.de/r/zero v0.0.0-20250902111620-d68830e7467c h1:ZbdNBQuvJDfICDGiaE4LYnlFQzPiwUPUuTsN4hWBUr4=
t73f.de/r/zero v0.0.0-20250902111620-d68830e7467c/go.mod h1:cNaE2o9BWPFqLkmDuYaWrMJQS7GOo+wwmB9y8VfAF6c=
