t73f.de/r/sx v0.0.0-20250526093546-50d78edc2593 h1:Pr6LLd4DuL69pBh07Oa39s3BZCBJ3yBx/wjyGfnANw8=
t73f.de/r/sx v0.0.0-20250526093546-50d78edc2593/go.mod h1:3TGbiUaJ5yRiDxmvNewBgjEsufAvDMeGbR7F3HIpr8c=
t73f.de/r/webs v0.0.0-20250526090915-201b7072f617 h1:y6worlwVFzkyl1h4KnLuE7nN0+2JuxahwUspwQSsA54=
t73f.de/r/webs v0.0.0-20250526090915-201b7072f617/go.mod h1:EVohQwCAlRK0kuVBEw5Gw+S44vj+6f6NU8eNJdAIK6s=
t73f.de/r/zero v0.0.0-20250512130128-009067784541 h1:gXDesuX5AWJe0jusbG1umHlAh/NGVVfQ78F2uL5udgc=
t73f.de/r/zero v0.0.0-20250512130128-009067784541/go.mod h1:T1vFcHoymUQcr7+vENBkS1yryZRZ3YB8uRtnMy8yRBA=
